
Microsoft Visual Studio Solution File, Format Version 12.00
# Visual Studio Version 17
VisualStudioVersion = 17.11.35222.181
MinimumVisualStudioVersion = 10.0.40219.1
Project("{FAE04EC0-301F-11D3-BF4B-00C04F79EFBC}") = "Laboratorio#3", "Laboratorio#3\Laboratorio#3.csproj", "{850300AF-1407-4A1A-AD9E-F95F0F72C705}"
EndProject
Global
	GlobalSection(SolutionConfigurationPlatforms) = preSolution
		Debug|Any CPU = Debug|Any CPU
		Release|Any CPU = Release|Any CPU
	EndGlobalSection
	GlobalSection(ProjectConfigurationPlatforms) = postSolution
		{850300AF-1407-4A1A-AD9E-F95F0F72C705}.Debug|Any CPU.ActiveCfg = Debug|Any CPU
		{850300AF-1407-4A1A-AD9E-F95F0F72C705}.Debug|Any CPU.Build.0 = Debug|Any CPU
		{850300AF-1407-4A1A-AD9E-F95F0F72C705}.Release|Any CPU.ActiveCfg = Release|Any CPU
		{850300AF-1407-4A1A-AD9E-F95F0F72C705}.Release|Any CPU.Build.0 = Release|Any CPU
	EndGlobalSection
	GlobalSection(SolutionProperties) = preSolution
		HideSolutionNode = FALSE
	EndGlobalSection
	GlobalSection(ExtensibilityGlobals) = postSolution
		SolutionGuid = {C087FDD3-D691-4B6B-B4CD-68B49B39D700}
	EndGlobalSection
EndGlobal
